
Microsoft Visual Studio Solution File, Format Version 12.00
# Visual Studio Version 16
VisualStudioVersion = 16.0.30907.101
MinimumVisualStudioVersion = 10.0.40219.1
Project("{FAE04EC0-301F-11D3-BF4B-00C04F79EFBC}") = "Parcial1-ap1-2018-0971", "Parcial1-ap1-2018-0971.csproj", "{4FACAC23-EE83-4A2B-A588-7CA476FF5FC0}"
EndProject
Global
	GlobalSection(SolutionConfigurationPlatforms) = preSolution
		Debug|Any CPU = Debug|Any CPU
		Release|Any CPU = Release|Any CPU
	EndGlobalSection
	GlobalSection(ProjectConfigurationPlatforms) = postSolution
		{4FACAC23-EE83-4A2B-A588-7CA476FF5FC0}.Debug|Any CPU.ActiveCfg = Debug|Any CPU
		{4FACAC23-EE83-4A2B-A588-7CA476FF5FC0}.Debug|Any CPU.Build.0 = Debug|Any CPU
		{4FACAC23-EE83-4A2B-A588-7CA476FF5FC0}.Release|Any CPU.ActiveCfg = Release|Any CPU
		{4FACAC23-EE83-4A2B-A588-7CA476FF5FC0}.Release|Any CPU.Build.0 = Release|Any CPU
	EndGlobalSection
	GlobalSection(SolutionProperties) = preSolution
		HideSolutionNode = FALSE
	EndGlobalSection
	GlobalSection(ExtensibilityGlobals) = postSolution
		SolutionGuid = {80C1D8D6-8639-480A-BE07-B175DBCEFAC2}
	EndGlobalSection
EndGlobal
